# This file is autogenerated, do not edit; changes may be undone by the next 'dep ensure'.


[[projects]]
  digest = "1:3076a0751f5648f3ab1838abfba18bc5bf514cde7e3957500b62fba90633479a"
  name = "github.com/antlr/antlr4"
  packages = ["runtime/Go/antlr"]
  pruneopts = "UT"
  revision = "7a3f40bc341ddfb463d6e0aa1a6265064d020cb6"
  version = "4.8"

[[projects]]
  digest = "1:c5dfe46811af7e2eff7c11fc84b6c841520338613c056f659f262d5a4fb42fa8"
  name = "github.com/rs/cors"
  packages = ["."]
  pruneopts = "UT"
  revision = "db0fe48135e83b5812a5a31be0eea66984b1b521"
  version = "v1.7.0"

[[projects]]
  digest = "1:ac46f8ea560f06cddb5a05162f344a2b26db21917d8e3cba9bd5d06c6d62d3de"
  name = "github.com/rwestlund/gotex"
  packages = ["."]
  pruneopts = "UT"
  revision = "3c68d9bfff3b96503ecac032ead56aad52b25bbc"
  version = "1.1.0"

[solve-meta]
  analyzer-name = "dep"
  analyzer-version = 1
  input-imports = [
    "github.com/antlr/antlr4/runtime/Go/antlr",
    "github.com/rs/cors",
    "github.com/rwestlund/gotex",
  ]
  solver-name = "gps-cdcl"
  solver-version = 1
